# THIS IS AN AUTOGENERATED FILE. DO NOT EDIT THIS FILE DIRECTLY.
# yarn lockfile v1


ansi-regex@^2.0.0:
  version "2.1.1"
  resolved "https://registry.yarnpkg.com/ansi-regex/-/ansi-regex-2.1.1.tgz#c3b33ab5ee360d86e0e628f0468ae7ef27d654df"

ansi-styles@^2.2.1:
  version "2.2.1"
  resolved "https://registry.yarnpkg.com/ansi-styles/-/ansi-styles-2.2.1.tgz#b432dd3358b634cf75e1e4664368240533c1ddbe"

babel-code-frame@^6.22.0:
  version "6.22.0"
  resolved "https://registry.yarnpkg.com/babel-code-frame/-/babel-code-frame-6.22.0.tgz#027620bee567a88c32561574e7fd0801d33118e4"
  dependencies:
    chalk "^1.1.0"
    esutils "^2.0.2"
    js-tokens "^3.0.0"

babel-core@^6.23.1, babel-core@^6.24.0:
  version "6.24.0"
  resolved "https://registry.yarnpkg.com/babel-core/-/babel-core-6.24.0.tgz#8f36a0a77f5c155aed6f920b844d23ba56742a02"
  dependencies:
    babel-code-frame "^6.22.0"
    babel-generator "^6.24.0"
    babel-helpers "^6.23.0"
    babel-messages "^6.23.0"
    babel-register "^6.24.0"
    babel-runtime "^6.22.0"
    babel-template "^6.23.0"
    babel-traverse "^6.23.1"
    babel-types "^6.23.0"
    babylon "^6.11.0"
    convert-source-map "^1.1.0"
    debug "^2.1.1"
    json5 "^0.5.0"
    lodash "^4.2.0"
    minimatch "^3.0.2"
    path-is-absolute "^1.0.0"
    private "^0.1.6"
    slash "^1.0.0"
    source-map "^0.5.0"

babel-generator@^6.24.0:
  version "6.24.0"
  resolved "https://registry.yarnpkg.com/babel-generator/-/babel-generator-6.24.0.tgz#eba270a8cc4ce6e09a61be43465d7c62c1f87c56"
  dependencies:
    babel-messages "^6.23.0"
    babel-runtime "^6.22.0"
    babel-types "^6.23.0"
    detect-indent "^4.0.0"
    jsesc "^1.3.0"
    lodash "^4.2.0"
    source-map "^0.5.0"
    trim-right "^1.0.1"

babel-helper-evaluate-path@^0.0.3:
  version "0.0.3"
  resolved "https://registry.yarnpkg.com/babel-helper-evaluate-path/-/babel-helper-evaluate-path-0.0.3.tgz#1d103ac9d4a59e5d431842212f151785f7ac547b"

babel-helper-flip-expressions@^0.0.2:
  version "0.0.2"
  resolved "https://registry.yarnpkg.com/babel-helper-flip-expressions/-/babel-helper-flip-expressions-0.0.2.tgz#7bab2cf61162bc92703e9b298ef512bcf77d6787"

babel-helper-is-nodes-equiv@^0.0.1:
  version "0.0.1"
  resolved "https://registry.yarnpkg.com/babel-helper-is-nodes-equiv/-/babel-helper-is-nodes-equiv-0.0.1.tgz#34e9b300b1479ddd98ec77ea0bbe9342dfe39684"

babel-helper-is-void-0@^0.0.1:
  version "0.0.1"
  resolved "https://registry.yarnpkg.com/babel-helper-is-void-0/-/babel-helper-is-void-0-0.0.1.tgz#ed74553b883e68226ae45f989a99b02c190f105a"

babel-helper-mark-eval-scopes@^0.0.3:
  version "0.0.3"
  resolved "https://registry.yarnpkg.com/babel-helper-mark-eval-scopes/-/babel-helper-mark-eval-scopes-0.0.3.tgz#902f75aeb537336edc35eb9f52b6f09db7785328"

babel-helper-remove-or-void@^0.0.1:
  version "0.0.1"
  resolved "https://registry.yarnpkg.com/babel-helper-remove-or-void/-/babel-helper-remove-or-void-0.0.1.tgz#f602790e465acf2dfbe84fb3dd210c43a2dd7262"

babel-helper-to-multiple-sequence-expressions@^0.0.4:
  version "0.0.4"
  resolved "https://registry.yarnpkg.com/babel-helper-to-multiple-sequence-expressions/-/babel-helper-to-multiple-sequence-expressions-0.0.4.tgz#d94414b386b6286fbaad77f073dea9b34324b01c"

babel-helpers@^6.23.0:
  version "6.23.0"
  resolved "https://registry.yarnpkg.com/babel-helpers/-/babel-helpers-6.23.0.tgz#4f8f2e092d0b6a8808a4bde79c27f1e2ecf0d992"
  dependencies:
    babel-runtime "^6.22.0"
    babel-template "^6.23.0"

babel-messages@^6.23.0:
  version "6.23.0"
  resolved "https://registry.yarnpkg.com/babel-messages/-/babel-messages-6.23.0.tgz#f3cdf4703858035b2a2951c6ec5edf6c62f2630e"
  dependencies:
    babel-runtime "^6.22.0"

babel-plugin-minify-builtins@^0.0.2:
  version "0.0.2"
  resolved "https://registry.yarnpkg.com/babel-plugin-minify-builtins/-/babel-plugin-minify-builtins-0.0.2.tgz#f3be6121763c0c518d5ef82067cef4b615c9498c"
  dependencies:
    babel-helper-evaluate-path "^0.0.3"

babel-plugin-minify-constant-folding@^0.0.4:
  version "0.0.4"
  resolved "https://registry.yarnpkg.com/babel-plugin-minify-constant-folding/-/babel-plugin-minify-constant-folding-0.0.4.tgz#b6e231026a6035e88ceadd206128d7db2b5c15e6"
  dependencies:
    babel-helper-evaluate-path "^0.0.3"
    jsesc "^2.4.0"

babel-plugin-minify-dead-code-elimination@^0.1.4:
  version "0.1.4"
  resolved "https://registry.yarnpkg.com/babel-plugin-minify-dead-code-elimination/-/babel-plugin-minify-dead-code-elimination-0.1.4.tgz#18b6ecfab77c29caca061d8210fa3495001e4fa1"
  dependencies:
    babel-helper-mark-eval-scopes "^0.0.3"
    babel-helper-remove-or-void "^0.0.1"
    lodash.some "^4.6.0"

babel-plugin-minify-flip-comparisons@^0.0.2:
  version "0.0.2"
  resolved "https://registry.yarnpkg.com/babel-plugin-minify-flip-comparisons/-/babel-plugin-minify-flip-comparisons-0.0.2.tgz#7d0953aa5876ede6118966bda9edecc63bf346ab"
  dependencies:
    babel-helper-is-void-0 "^0.0.1"

babel-plugin-minify-guarded-expressions@^0.0.4:
  version "0.0.4"
  resolved "https://registry.yarnpkg.com/babel-plugin-minify-guarded-expressions/-/babel-plugin-minify-guarded-expressions-0.0.4.tgz#957104a760e6a7ffd967005a7a11621bb42fd11c"
  dependencies:
    babel-helper-flip-expressions "^0.0.2"

babel-plugin-minify-infinity@^0.0.3:
  version "0.0.3"
  resolved "https://registry.yarnpkg.com/babel-plugin-minify-infinity/-/babel-plugin-minify-infinity-0.0.3.tgz#4cc99b61d12b434ce80ad675103335c589cba9a1"

babel-plugin-minify-mangle-names@^0.0.8:
  version "0.0.8"
  resolved "https://registry.yarnpkg.com/babel-plugin-minify-mangle-names/-/babel-plugin-minify-mangle-names-0.0.8.tgz#1e2fea856dd742d5697aa26b427e41258a8c5b79"
  dependencies:
    babel-helper-mark-eval-scopes "^0.0.3"

babel-plugin-minify-numeric-literals@^0.0.1:
  version "0.0.1"
  resolved "https://registry.yarnpkg.com/babel-plugin-minify-numeric-literals/-/babel-plugin-minify-numeric-literals-0.0.1.tgz#9597e6c31154d7daf3744d0bd417c144b275bd53"

babel-plugin-minify-replace@^0.0.1:
  version "0.0.1"
  resolved "https://registry.yarnpkg.com/babel-plugin-minify-replace/-/babel-plugin-minify-replace-0.0.1.tgz#5d5aea7cb9899245248d1ee9ce7a2fe556a8facc"

babel-plugin-minify-simplify@^0.0.8:
  version "0.0.8"
  resolved "https://registry.yarnpkg.com/babel-plugin-minify-simplify/-/babel-plugin-minify-simplify-0.0.8.tgz#597b23327bba4373fed1c51461a689bce9ff4979"
  dependencies:
    babel-helper-flip-expressions "^0.0.2"
    babel-helper-is-nodes-equiv "^0.0.1"
    babel-helper-to-multiple-sequence-expressions "^0.0.4"

babel-plugin-minify-type-constructors@^0.0.4:
  version "0.0.4"
  resolved "https://registry.yarnpkg.com/babel-plugin-minify-type-constructors/-/babel-plugin-minify-type-constructors-0.0.4.tgz#52d8b623775107523227719ade2d0b7458758b5f"
  dependencies:
    babel-helper-is-void-0 "^0.0.1"

babel-plugin-transform-inline-consecutive-adds@^0.0.2:
  version "0.0.2"
  resolved "https://registry.yarnpkg.com/babel-plugin-transform-inline-consecutive-adds/-/babel-plugin-transform-inline-consecutive-adds-0.0.2.tgz#a58fcecfc09c08fbf9373a5a3e70746c03d01fc1"

babel-plugin-transform-member-expression-literals@^6.8.1:
  version "6.8.1"
  resolved "https://registry.yarnpkg.com/babel-plugin-transform-member-expression-literals/-/babel-plugin-transform-member-expression-literals-6.8.1.tgz#60b78cb2b814ac71dd6104ef51c496c62e877337"

babel-plugin-transform-merge-sibling-variables@^6.8.2:
  version "6.8.2"
  resolved "https://registry.yarnpkg.com/babel-plugin-transform-merge-sibling-variables/-/babel-plugin-transform-merge-sibling-variables-6.8.2.tgz#498acd07481ab340c1bad8b726c2fad1b8f644e5"

babel-plugin-transform-minify-booleans@^6.8.0:
  version "6.8.0"
  resolved "https://registry.yarnpkg.com/babel-plugin-transform-minify-booleans/-/babel-plugin-transform-minify-booleans-6.8.0.tgz#b1a48864a727847696b84eae36fa4d085a54b42b"
  dependencies:
    babel-runtime "^6.0.0"

babel-plugin-transform-property-literals@^6.8.1:
  version "6.8.1"
  resolved "https://registry.yarnpkg.com/babel-plugin-transform-property-literals/-/babel-plugin-transform-property-literals-6.8.1.tgz#05ed01f6024820b18f1d0495c80fe287176bccd9"

babel-plugin-transform-regexp-constructors@^0.0.6:
  version "0.0.6"
  resolved "https://registry.yarnpkg.com/babel-plugin-transform-regexp-constructors/-/babel-plugin-transform-regexp-constructors-0.0.6.tgz#0d92607f0d26268296980cb7c1dea5f2dd3e1e20"

babel-plugin-transform-remove-console@^6.8.1:
  version "6.8.1"
  resolved "https://registry.yarnpkg.com/babel-plugin-transform-remove-console/-/babel-plugin-transform-remove-console-6.8.1.tgz#38f6a6ca1581e76b75fc2c6fdcf909deadee7d6a"

babel-plugin-transform-remove-debugger@^6.8.1:
  version "6.8.1"
  resolved "https://registry.yarnpkg.com/babel-plugin-transform-remove-debugger/-/babel-plugin-transform-remove-debugger-6.8.1.tgz#aabd0be107f8299094defe8e1ba8ccf4b114d07f"

babel-plugin-transform-remove-undefined@^0.0.5:
  version "0.0.5"
  resolved "https://registry.yarnpkg.com/babel-plugin-transform-remove-undefined/-/babel-plugin-transform-remove-undefined-0.0.5.tgz#12ef11805e06e861dd2eb0c7cc041d2184b8f410"

babel-plugin-transform-simplify-comparison-operators@^6.8.1:
  version "6.8.1"
  resolved "https://registry.yarnpkg.com/babel-plugin-transform-simplify-comparison-operators/-/babel-plugin-transform-simplify-comparison-operators-6.8.1.tgz#a307088e0d1c728081777fba568f4107396ab25c"

babel-plugin-transform-undefined-to-void@^6.8.0:
  version "6.8.0"
  resolved "https://registry.yarnpkg.com/babel-plugin-transform-undefined-to-void/-/babel-plugin-transform-undefined-to-void-6.8.0.tgz#bc5b6b4908d3b1262170e67cb3963903ddce167e"
  dependencies:
    babel-runtime "^6.0.0"

babel-preset-babili@^0.0.12:
  version "0.0.12"
  resolved "https://registry.yarnpkg.com/babel-preset-babili/-/babel-preset-babili-0.0.12.tgz#74d79205d54feae6470bc84231da0b9ac9fc7de9"
  dependencies:
    babel-plugin-minify-builtins "^0.0.2"
    babel-plugin-minify-constant-folding "^0.0.4"
    babel-plugin-minify-dead-code-elimination "^0.1.4"
    babel-plugin-minify-flip-comparisons "^0.0.2"
    babel-plugin-minify-guarded-expressions "^0.0.4"
    babel-plugin-minify-infinity "^0.0.3"
    babel-plugin-minify-mangle-names "^0.0.8"
    babel-plugin-minify-numeric-literals "^0.0.1"
    babel-plugin-minify-replace "^0.0.1"
    babel-plugin-minify-simplify "^0.0.8"
    babel-plugin-minify-type-constructors "^0.0.4"
    babel-plugin-transform-inline-consecutive-adds "^0.0.2"
    babel-plugin-transform-member-expression-literals "^6.8.1"
    babel-plugin-transform-merge-sibling-variables "^6.8.2"
    babel-plugin-transform-minify-booleans "^6.8.0"
    babel-plugin-transform-property-literals "^6.8.1"
    babel-plugin-transform-regexp-constructors "^0.0.6"
    babel-plugin-transform-remove-console "^6.8.1"
    babel-plugin-transform-remove-debugger "^6.8.1"
    babel-plugin-transform-remove-undefined "^0.0.5"
    babel-plugin-transform-simplify-comparison-operators "^6.8.1"
    babel-plugin-transform-undefined-to-void "^6.8.0"
    lodash.isplainobject "^4.0.6"

babel-register@^6.24.0:
  version "6.24.0"
  resolved "https://registry.yarnpkg.com/babel-register/-/babel-register-6.24.0.tgz#5e89f8463ba9970356d02eb07dabe3308b080cfd"
  dependencies:
    babel-core "^6.24.0"
    babel-runtime "^6.22.0"
    core-js "^2.4.0"
    home-or-tmp "^2.0.0"
    lodash "^4.2.0"
    mkdirp "^0.5.1"
    source-map-support "^0.4.2"

babel-runtime@^6.0.0, babel-runtime@^6.22.0:
  version "6.23.0"
  resolved "https://registry.yarnpkg.com/babel-runtime/-/babel-runtime-6.23.0.tgz#0a9489f144de70efb3ce4300accdb329e2fc543b"
  dependencies:
    core-js "^2.4.0"
    regenerator-runtime "^0.10.0"

babel-template@^6.23.0:
  version "6.23.0"
  resolved "https://registry.yarnpkg.com/babel-template/-/babel-template-6.23.0.tgz#04d4f270adbb3aa704a8143ae26faa529238e638"
  dependencies:
    babel-runtime "^6.22.0"
    babel-traverse "^6.23.0"
    babel-types "^6.23.0"
    babylon "^6.11.0"
    lodash "^4.2.0"

babel-traverse@^6.23.0, babel-traverse@^6.23.1:
  version "6.23.1"
  resolved "https://registry.yarnpkg.com/babel-traverse/-/babel-traverse-6.23.1.tgz#d3cb59010ecd06a97d81310065f966b699e14f48"
  dependencies:
    babel-code-frame "^6.22.0"
    babel-messages "^6.23.0"
    babel-runtime "^6.22.0"
    babel-types "^6.23.0"
    babylon "^6.15.0"
    debug "^2.2.0"
    globals "^9.0.0"
    invariant "^2.2.0"
    lodash "^4.2.0"

babel-types@^6.23.0:
  version "6.23.0"
  resolved "https://registry.yarnpkg.com/babel-types/-/babel-types-6.23.0.tgz#bb17179d7538bad38cd0c9e115d340f77e7e9acf"
  dependencies:
    babel-runtime "^6.22.0"
    esutils "^2.0.2"
    lodash "^4.2.0"
    to-fast-properties "^1.0.1"

babili-webpack-plugin@^0.0.11:
  version "0.0.11"
  resolved "https://registry.yarnpkg.com/babili-webpack-plugin/-/babili-webpack-plugin-0.0.11.tgz#09571593b81bbcc3033e8570540b391e98801803"
  dependencies:
    babel-core "^6.23.1"
    babel-preset-babili "^0.0.12"
    webpack-sources "^0.1.4"

babylon@^6.11.0, babylon@^6.15.0:
  version "6.16.1"
  resolved "https://registry.yarnpkg.com/babylon/-/babylon-6.16.1.tgz#30c5a22f481978a9e7f8cdfdf496b11d94b404d3"

balanced-match@^0.4.1:
  version "0.4.2"
  resolved "https://registry.yarnpkg.com/balanced-match/-/balanced-match-0.4.2.tgz#cb3f3e3c732dc0f01ee70b403f302e61d7709838"

brace-expansion@^1.0.0:
  version "1.1.6"
  resolved "https://registry.yarnpkg.com/brace-expansion/-/brace-expansion-1.1.6.tgz#7197d7eaa9b87e648390ea61fc66c84427420df9"
  dependencies:
    balanced-match "^0.4.1"
    concat-map "0.0.1"

chalk@^1.1.0:
  version "1.1.3"
  resolved "https://registry.yarnpkg.com/chalk/-/chalk-1.1.3.tgz#a8115c55e4a702fe4d150abd3872822a7e09fc98"
  dependencies:
    ansi-styles "^2.2.1"
    escape-string-regexp "^1.0.2"
    has-ansi "^2.0.0"
    strip-ansi "^3.0.0"
    supports-color "^2.0.0"

concat-map@0.0.1:
  version "0.0.1"
  resolved "https://registry.yarnpkg.com/concat-map/-/concat-map-0.0.1.tgz#d8a96bd77fd68df7793a73036a3ba0d5405d477b"

convert-source-map@^1.1.0:
  version "1.4.0"
  resolved "https://registry.yarnpkg.com/convert-source-map/-/convert-source-map-1.4.0.tgz#e3dad195bf61bfe13a7a3c73e9876ec14a0268f3"

core-js@^2.4.0:
  version "2.4.1"
  resolved "https://registry.yarnpkg.com/core-js/-/core-js-2.4.1.tgz#4de911e667b0eae9124e34254b53aea6fc618d3e"

debug@^2.1.1, debug@^2.2.0:
  version "2.6.1"
  resolved "https://registry.yarnpkg.com/debug/-/debug-2.6.1.tgz#79855090ba2c4e3115cc7d8769491d58f0491351"
  dependencies:
    ms "0.7.2"

detect-indent@^4.0.0:
  version "4.0.0"
  resolved "https://registry.yarnpkg.com/detect-indent/-/detect-indent-4.0.0.tgz#f76d064352cdf43a1cb6ce619c4ee3a9475de208"
  dependencies:
    repeating "^2.0.0"

escape-string-regexp@^1.0.2:
  version "1.0.5"
  resolved "https://registry.yarnpkg.com/escape-string-regexp/-/escape-string-regexp-1.0.5.tgz#1b61c0562190a8dff6ae3bb2cf0200ca130b86d4"

esutils@^2.0.2:
  version "2.0.2"
  resolved "https://registry.yarnpkg.com/esutils/-/esutils-2.0.2.tgz#0abf4f1caa5bcb1f7a9d8acc6dea4faaa04bac9b"

globals@^9.0.0:
  version "9.16.0"
  resolved "https://registry.yarnpkg.com/globals/-/globals-9.16.0.tgz#63e903658171ec2d9f51b1d31de5e2b8dc01fb80"

has-ansi@^2.0.0:
  version "2.0.0"
  resolved "https://registry.yarnpkg.com/has-ansi/-/has-ansi-2.0.0.tgz#34f5049ce1ecdf2b0649af3ef24e45ed35416d91"
  dependencies:
    ansi-regex "^2.0.0"

home-or-tmp@^2.0.0:
  version "2.0.0"
  resolved "https://registry.yarnpkg.com/home-or-tmp/-/home-or-tmp-2.0.0.tgz#e36c3f2d2cae7d746a857e38d18d5f32a7882db8"
  dependencies:
    os-homedir "^1.0.0"
    os-tmpdir "^1.0.1"

invariant@^2.2.0:
  version "2.2.2"
  resolved "https://registry.yarnpkg.com/invariant/-/invariant-2.2.2.tgz#9e1f56ac0acdb6bf303306f338be3b204ae60360"
  dependencies:
    loose-envify "^1.0.0"

is-finite@^1.0.0:
  version "1.0.2"
  resolved "https://registry.yarnpkg.com/is-finite/-/is-finite-1.0.2.tgz#cc6677695602be550ef11e8b4aa6305342b6d0aa"
  dependencies:
    number-is-nan "^1.0.0"

js-tokens@^3.0.0:
  version "3.0.1"
  resolved "https://registry.yarnpkg.com/js-tokens/-/js-tokens-3.0.1.tgz#08e9f132484a2c45a30907e9dc4d5567b7f114d7"

jsesc@^1.3.0:
  version "1.3.0"
  resolved "https://registry.yarnpkg.com/jsesc/-/jsesc-1.3.0.tgz#46c3fec8c1892b12b0833db9bc7622176dbab34b"

jsesc@^2.4.0:
  version "2.4.0"
  resolved "https://registry.yarnpkg.com/jsesc/-/jsesc-2.4.0.tgz#8568d223ff69c0b5e081b4f8edf5a23d978c9867"

json5@^0.5.0:
  version "0.5.1"
  resolved "https://registry.yarnpkg.com/json5/-/json5-0.5.1.tgz#1eade7acc012034ad84e2396767ead9fa5495821"

lodash.isplainobject@^4.0.6:
  version "4.0.6"
  resolved "https://registry.yarnpkg.com/lodash.isplainobject/-/lodash.isplainobject-4.0.6.tgz#7c526a52d89b45c45cc690b88163be0497f550cb"

lodash.some@^4.6.0:
  version "4.6.0"
  resolved "https://registry.yarnpkg.com/lodash.some/-/lodash.some-4.6.0.tgz#1bb9f314ef6b8baded13b549169b2a945eb68e4d"

lodash@^4.2.0:
  version "4.17.4"
  resolved "https://registry.yarnpkg.com/lodash/-/lodash-4.17.4.tgz#78203a4d1c328ae1d86dca6460e369b57f4055ae"

loose-envify@^1.0.0:
  version "1.3.1"
  resolved "https://registry.yarnpkg.com/loose-envify/-/loose-envify-1.3.1.tgz#d1a8ad33fa9ce0e713d65fdd0ac8b748d478c848"
  dependencies:
    js-tokens "^3.0.0"

minimatch@^3.0.2:
  version "3.0.3"
  resolved "https://registry.yarnpkg.com/minimatch/-/minimatch-3.0.3.tgz#2a4e4090b96b2db06a9d7df01055a62a77c9b774"
  dependencies:
    brace-expansion "^1.0.0"

minimist@0.0.8:
  version "0.0.8"
  resolved "https://registry.yarnpkg.com/minimist/-/minimist-0.0.8.tgz#857fcabfc3397d2625b8228262e86aa7a011b05d"

mkdirp@^0.5.1:
  version "0.5.1"
  resolved "https://registry.yarnpkg.com/mkdirp/-/mkdirp-0.5.1.tgz#30057438eac6cf7f8c4767f38648d6697d75c903"
  dependencies:
    minimist "0.0.8"

ms@0.7.2:
  version "0.7.2"
  resolved "https://registry.yarnpkg.com/ms/-/ms-0.7.2.tgz#ae25cf2512b3885a1d95d7f037868d8431124765"

number-is-nan@^1.0.0:
  version "1.0.1"
  resolved "https://registry.yarnpkg.com/number-is-nan/-/number-is-nan-1.0.1.tgz#097b602b53422a522c1afb8790318336941a011d"

os-homedir@^1.0.0:
  version "1.0.2"
  resolved "https://registry.yarnpkg.com/os-homedir/-/os-homedir-1.0.2.tgz#ffbc4988336e0e833de0c168c7ef152121aa7fb3"

os-tmpdir@^1.0.1:
  version "1.0.2"
  resolved "https://registry.yarnpkg.com/os-tmpdir/-/os-tmpdir-1.0.2.tgz#bbe67406c79aa85c5cfec766fe5734555dfa1274"

path-is-absolute@^1.0.0:
  version "1.0.1"
  resolved "https://registry.yarnpkg.com/path-is-absolute/-/path-is-absolute-1.0.1.tgz#174b9268735534ffbc7ace6bf53a5a9e1b5c5f5f"

private@^0.1.6:
  version "0.1.7"
  resolved "https://registry.yarnpkg.com/private/-/private-0.1.7.tgz#68ce5e8a1ef0a23bb570cc28537b5332aba63ef1"

regenerator-runtime@^0.10.0:
  version "0.10.3"
  resolved "https://registry.yarnpkg.com/regenerator-runtime/-/regenerator-runtime-0.10.3.tgz#8c4367a904b51ea62a908ac310bf99ff90a82a3e"

repeating@^2.0.0:
  version "2.0.1"
  resolved "https://registry.yarnpkg.com/repeating/-/repeating-2.0.1.tgz#5214c53a926d3552707527fbab415dbc08d06dda"
  dependencies:
    is-finite "^1.0.0"

slash@^1.0.0:
  version "1.0.0"
  resolved "https://registry.yarnpkg.com/slash/-/slash-1.0.0.tgz#c41f2f6c39fc16d1cd17ad4b5d896114ae470d55"

source-list-map@~0.1.7:
  version "0.1.8"
  resolved "https://registry.yarnpkg.com/source-list-map/-/source-list-map-0.1.8.tgz#c550b2ab5427f6b3f21f5afead88c4f5587b2106"

source-map-support@^0.4.2:
  version "0.4.11"
  resolved "https://registry.yarnpkg.com/source-map-support/-/source-map-support-0.4.11.tgz#647f939978b38535909530885303daf23279f322"
  dependencies:
    source-map "^0.5.3"

source-map@^0.5.0, source-map@^0.5.3, source-map@~0.5.3:
  version "0.5.6"
  resolved "https://registry.yarnpkg.com/source-map/-/source-map-0.5.6.tgz#75ce38f52bf0733c5a7f0c118d81334a2bb5f412"

strip-ansi@^3.0.0:
  version "3.0.1"
  resolved "https://registry.yarnpkg.com/strip-ansi/-/strip-ansi-3.0.1.tgz#6a385fb8853d952d5ff05d0e8aaf94278dc63dcf"
  dependencies:
    ansi-regex "^2.0.0"

supports-color@^2.0.0:
  version "2.0.0"
  resolved "https://registry.yarnpkg.com/supports-color/-/supports-color-2.0.0.tgz#535d045ce6b6363fa40117084629995e9df324c7"

to-fast-properties@^1.0.1:
  version "1.0.2"
  resolved "https://registry.yarnpkg.com/to-fast-properties/-/to-fast-properties-1.0.2.tgz#f3f5c0c3ba7299a7ef99427e44633257ade43320"

trim-right@^1.0.1:
  version "1.0.1"
  resolved "https://registry.yarnpkg.com/trim-right/-/trim-right-1.0.1.tgz#cb2e1203067e0c8de1f614094b9fe45704ea6003"

webpack-sources@^0.1.4:
  version "0.1.4"
  resolved "https://registry.yarnpkg.com/webpack-sources/-/webpack-sources-0.1.4.tgz#ccc2c817e08e5fa393239412690bb481821393cd"
  dependencies:
    source-list-map "~0.1.7"
    source-map "~0.5.3"
