# THIS IS AN AUTOGENERATED FILE. DO NOT EDIT THIS FILE DIRECTLY.
# yarn lockfile v1


big.js@^3.1.3:
  version "3.1.3"
  resolved "https://registry.yarnpkg.com/big.js/-/big.js-3.1.3.tgz#4cada2193652eb3ca9ec8e55c9015669c9806978"

deepmerge@^1.3.2:
  version "1.3.2"
  resolved "https://registry.yarnpkg.com/deepmerge/-/deepmerge-1.3.2.tgz#1663691629d4dbfe364fa12a2a4f0aa86aa3a050"

emojis-list@^2.0.0:
  version "2.1.0"
  resolved "https://registry.yarnpkg.com/emojis-list/-/emojis-list-2.1.0.tgz#4daa4d9db00f9819880c79fa457ae5b09a1fd389"

file-loader@0.10.0:
  version "0.10.0"
  resolved "https://registry.yarnpkg.com/file-loader/-/file-loader-0.10.0.tgz#bbe6db7474ac92c7f54fdc197cf547e98b6b8e12"
  dependencies:
    loader-utils "~0.2.5"

file-loader@^0.10.1:
  version "0.10.1"
  resolved "https://registry.yarnpkg.com/file-loader/-/file-loader-0.10.1.tgz#815034119891fc6441fb5a64c11bc93c22ddd842"
  dependencies:
    loader-utils "^1.0.2"

json5@^0.5.0:
  version "0.5.1"
  resolved "https://registry.yarnpkg.com/json5/-/json5-0.5.1.tgz#1eade7acc012034ad84e2396767ead9fa5495821"

loader-utils@0.2.16, loader-utils@~0.2.5:
  version "0.2.16"
  resolved "https://registry.yarnpkg.com/loader-utils/-/loader-utils-0.2.16.tgz#f08632066ed8282835dff88dfb52704765adee6d"
  dependencies:
    big.js "^3.1.3"
    emojis-list "^2.0.0"
    json5 "^0.5.0"
    object-assign "^4.0.1"

loader-utils@^1.0.2:
  version "1.0.2"
  resolved "https://registry.yarnpkg.com/loader-utils/-/loader-utils-1.0.2.tgz#a9f923c865a974623391a8602d031137fad74830"
  dependencies:
    big.js "^3.1.3"
    emojis-list "^2.0.0"
    json5 "^0.5.0"

mime@1.3.x:
  version "1.3.4"
  resolved "https://registry.yarnpkg.com/mime/-/mime-1.3.4.tgz#115f9e3b6b3daf2959983cb38f149a2d40eb5d53"

object-assign@^4.0.1:
  version "4.1.1"
  resolved "https://registry.yarnpkg.com/object-assign/-/object-assign-4.1.1.tgz#2109adc7965887cfc05cbbd442cac8bfbb360863"

svg-url-loader@^2.0.2:
  version "2.0.2"
  resolved "https://registry.yarnpkg.com/svg-url-loader/-/svg-url-loader-2.0.2.tgz#079b4764b4bc12eed9d01b6d76d98e234246194f"
  dependencies:
    file-loader "0.10.0"
    loader-utils "0.2.16"

url-loader@^0.5.8:
  version "0.5.8"
  resolved "https://registry.yarnpkg.com/url-loader/-/url-loader-0.5.8.tgz#b9183b1801e0f847718673673040bc9dc1c715c5"
  dependencies:
    loader-utils "^1.0.2"
    mime "1.3.x"
