# THIS IS AN AUTOGENERATED FILE. DO NOT EDIT THIS FILE DIRECTLY.
# yarn lockfile v1


big.js@^3.1.3:
  version "3.1.3"
  resolved "https://registry.yarnpkg.com/big.js/-/big.js-3.1.3.tgz#4cada2193652eb3ca9ec8e55c9015669c9806978"

deepmerge@^1.3.2:
  version "1.4.3"
  resolved "https://registry.yarnpkg.com/deepmerge/-/deepmerge-1.4.3.tgz#f8c9ecb11c176b3dbfc8167b58cc5674c5e658bb"

emojis-list@^2.0.0:
  version "2.1.0"
  resolved "https://registry.yarnpkg.com/emojis-list/-/emojis-list-2.1.0.tgz#4daa4d9db00f9819880c79fa457ae5b09a1fd389"

file-loader@^0.11.2:
  version "0.11.2"
  resolved "https://registry.yarnpkg.com/file-loader/-/file-loader-0.11.2.tgz#4ff1df28af38719a6098093b88c82c71d1794a34"
  dependencies:
    loader-utils "^1.0.2"

json5@^0.5.0:
  version "0.5.1"
  resolved "https://registry.yarnpkg.com/json5/-/json5-0.5.1.tgz#1eade7acc012034ad84e2396767ead9fa5495821"

loader-utils@^1.0.2:
  version "1.1.0"
  resolved "https://registry.yarnpkg.com/loader-utils/-/loader-utils-1.1.0.tgz#c98aef488bcceda2ffb5e2de646d6a754429f5cd"
  dependencies:
    big.js "^3.1.3"
    emojis-list "^2.0.0"
    json5 "^0.5.0"

mime@1.3.x:
  version "1.3.6"
  resolved "https://registry.yarnpkg.com/mime/-/mime-1.3.6.tgz#591d84d3653a6b0b4a3b9df8de5aa8108e72e5e0"

url-loader@^0.5.8:
  version "0.5.9"
  resolved "https://registry.yarnpkg.com/url-loader/-/url-loader-0.5.9.tgz#cc8fea82c7b906e7777019250869e569e995c295"
  dependencies:
    loader-utils "^1.0.2"
    mime "1.3.x"
